
Microsoft Visual Studio Solution File, Format Version 12.00
# Visual Studio Version 16
VisualStudioVersion = 25.0.1706.6
MinimumVisualStudioVersion = 10.0.40219.1
Project("{FAE04EC0-301F-11D3-BF4B-00C04F79EFBC}") = "GroundWork.Core", "GroundWork.Core\GroundWork.Core.csproj", "{D73968DD-AC8A-47FB-A266-2D039DE864A0}"
EndProject
Project("{FAE04EC0-301F-11D3-BF4B-00C04F79EFBC}") = "GroundWork.Core.Tests", "GroundWork.Core.Tests\GroundWork.Core.Tests.csproj", "{FC4C0F2E-AE3B-4E3D-8423-9C755EA60073}"
EndProject
Global
	GlobalSection(SolutionConfigurationPlatforms) = preSolution
		Debug|Any CPU = Debug|Any CPU
		Release|Any CPU = Release|Any CPU
	EndGlobalSection
	GlobalSection(ProjectConfigurationPlatforms) = postSolution
		{D73968DD-AC8A-47FB-A266-2D039DE864A0}.Debug|Any CPU.ActiveCfg = Debug|Any CPU
		{D73968DD-AC8A-47FB-A266-2D039DE864A0}.Debug|Any CPU.Build.0 = Debug|Any CPU
		{D73968DD-AC8A-47FB-A266-2D039DE864A0}.Release|Any CPU.ActiveCfg = Release|Any CPU
		{D73968DD-AC8A-47FB-A266-2D039DE864A0}.Release|Any CPU.Build.0 = Release|Any CPU
		{FC4C0F2E-AE3B-4E3D-8423-9C755EA60073}.Debug|Any CPU.ActiveCfg = Debug|Any CPU
		{FC4C0F2E-AE3B-4E3D-8423-9C755EA60073}.Debug|Any CPU.Build.0 = Debug|Any CPU
		{FC4C0F2E-AE3B-4E3D-8423-9C755EA60073}.Release|Any CPU.ActiveCfg = Release|Any CPU
		{FC4C0F2E-AE3B-4E3D-8423-9C755EA60073}.Release|Any CPU.Build.0 = Release|Any CPU
	EndGlobalSection
	GlobalSection(SolutionProperties) = preSolution
		HideSolutionNode = FALSE
	EndGlobalSection
	GlobalSection(ExtensibilityGlobals) = postSolution
		SolutionGuid = {6FEE6F9A-A96D-4F4B-B7F9-9758284B1C8A}
	EndGlobalSection
EndGlobal
